<?xml version="1.0" encoding="utf-8"?>
<Project ToolsVersion="4.0" xmlns="http://schemas.microsoft.com/developer/msbuild/2003">
  <ItemGroup>
    <ClCompile Include="blink_detector.cpp">
      <Filter>Source Files</Filter>
    </ClCompile>
    <ClCompile Include="face_postprocessing.cpp">
      <Filter>Source Files</Filter>
    </ClCompile>
    <ClCompile Include="FrameInfo.cpp">
      <Filter>Source Files</Filter>
    </ClCompile>
    <ClCompile Include="getFileNames.cpp">
      <Filter>Source Files</Filter>
    </ClCompile>
    <ClCompile Include="main.cpp">
      <Filter>Source Files</Filter>
    </ClCompile>
    <ClCompile Include="motionEstDS.cpp">
      <Filter>Source Files</Filter>
    </ClCompile>
    <ClCompile Include="utilityFuncs.cpp">
      <Filter>Source Files</Filter>
    </ClCompile>
    <ClCompile Include="blinkStats.cpp">
      <Filter>Source Files</Filter>
    </ClCompile>
    <ClCompile Include="statsMotion.cpp">
      <Filter>Source Files</Filter>
    </ClCompile>
    <ClCompile Include="FrameDump.cpp">
      <Filter>Source Files</Filter>
    </ClCompile>
    <ClCompile Include="time_stats.cpp">
      <Filter>Source Files</Filter>
    </ClCompile>
    <ClCompile Include="face_tracker.cpp">
      <Filter>Source Files</Filter>
    </ClCompile>
    <ClCompile Include="getAffineForPoints.cpp">
      <Filter>Source Files</Filter>
    </ClCompile>
    <ClCompile Include="blink_detection_ml.cpp">
      <Filter>Source Files</Filter>
    </ClCompile>
    <ClCompile Include="ml_core.cpp">
      <Filter>Source Files</Filter>
    </ClCompile>
    <ClCompile Include="HOGcompute.cpp">
      <Filter>Source Files</Filter>
    </ClCompile>
    <ClCompile Include="HOGvisualize.cpp">
      <Filter>Source Files</Filter>
    </ClCompile>
    <ClCompile Include="classify.c">
      <Filter>Source Files</Filter>
    </ClCompile>
    <ClCompile Include="svm-predict.c">
      <Filter>Source Files</Filter>
    </ClCompile>
    <ClCompile Include="svm-scale.c">
      <Filter>Source Files</Filter>
    </ClCompile>
    <ClCompile Include="svm.cpp">
      <Filter>Source Files</Filter>
    </ClCompile>
  </ItemGroup>
  <ItemGroup>
    <ClInclude Include="blink_detector.h">
      <Filter>Header Files</Filter>
    </ClInclude>
    <ClInclude Include="FrameInfo.h">
      <Filter>Header Files</Filter>
    </ClInclude>
    <ClInclude Include="getFileNames.h">
      <Filter>Header Files</Filter>
    </ClInclude>
    <ClInclude Include="motionEstDS.h">
      <Filter>Header Files</Filter>
    </ClInclude>
    <ClInclude Include="utilityFuncs.h">
      <Filter>Header Files</Filter>
    </ClInclude>
    <ClInclude Include="blinkStats.h">
      <Filter>Header Files</Filter>
    </ClInclude>
    <ClInclude Include="statsMotion.h">
      <Filter>Header Files</Filter>
    </ClInclude>
    <ClInclude Include="FrameDump.h">
      <Filter>Header Files</Filter>
    </ClInclude>
    <ClInclude Include="time_stats.h">
      <Filter>Header Files</Filter>
    </ClInclude>
    <ClInclude Include="getAffineForPoints.h">
      <Filter>Header Files</Filter>
    </ClInclude>
    <ClInclude Include="ml_core.h">
      <Filter>Header Files</Filter>
    </ClInclude>
    <ClInclude Include="params.h">
      <Filter>Header Files</Filter>
    </ClInclude>
    <ClInclude Include="svm.h">
      <Filter>Header Files</Filter>
    </ClInclude>
  </ItemGroup>
  <ItemGroup>
    <Xml Include="cascades\haarcascade_frontalface_alt.xml">
      <Filter>cascades</Filter>
    </Xml>
    <Xml Include="cascades\haarcascade_frontalface_alt2.xml">
      <Filter>cascades</Filter>
    </Xml>
    <Xml Include="cascades\haarcascade_frontalface_alt_tree.xml">
      <Filter>cascades</Filter>
    </Xml>
    <Xml Include="cascades\haarcascade_frontalface_default.xml">
      <Filter>cascades</Filter>
    </Xml>
    <Xml Include="cascades\lbpcascade_frontalface.xml">
      <Filter>cascades</Filter>
    </Xml>
  </ItemGroup>
  <ItemGroup>
    <Filter Include="cascades">
      <UniqueIdentifier>{831ab2a3-cb0c-4ac9-8510-4551c4386461}</UniqueIdentifier>
    </Filter>
    <Filter Include="Header Files">
      <UniqueIdentifier>{56b78cfa-a3fb-4035-aefd-b1811fa28391}</UniqueIdentifier>
    </Filter>
    <Filter Include="Source Files">
      <UniqueIdentifier>{cc0c66d2-f9da-4aa7-ba25-e186bcea85e9}</UniqueIdentifier>
    </Filter>
  </ItemGroup>
  <ItemGroup>
    <None Include="svm.def">
      <Filter>Source Files</Filter>
    </None>
  </ItemGroup>
</Project>